
Microsoft Visual Studio Solution File, Format Version 12.00
# Visual Studio Version 17
VisualStudioVersion = 17.5.33627.172
MinimumVisualStudioVersion = 10.0.40219.1
Project("{2150E333-8FDC-42A3-9474-1A3956D46DE8}") = "src", "src", "{6B2AA882-3021-4315-B766-DA32FD604994}"
EndProject
Project("{9A19103F-16F7-4668-BE54-9A1E7A4F7556}") = "GreenSale.Dtos", "src\GreenSale.Dtos\GreenSale.Dtos.csproj", "{288D7498-79F6-4FC8-9FEB-739237D3CD1D}"
EndProject
Project("{9A19103F-16F7-4668-BE54-9A1E7A4F7556}") = "GreenSale.ViewModels", "src\GreenSale.ViewModels\GreenSale.ViewModels.csproj", "{4F7CEEF1-9436-4C4A-803F-2A6EBC52726B}"
EndProject
Project("{9A19103F-16F7-4668-BE54-9A1E7A4F7556}") = "GreenSale.Integrated", "src\GreenSale.Integrated\GreenSale.Integrated.csproj", "{8E677D10-546C-40EA-BB8B-BEC8D4F3E8DC}"
EndProject
Project("{9A19103F-16F7-4668-BE54-9A1E7A4F7556}") = "GreenSale.Desktop", "src\GreenSale.Desktop\GreenSale.Desktop.csproj", "{62F90AC7-2DFB-4788-8ECF-922923DCE28E}"
EndProject
Project("{2150E333-8FDC-42A3-9474-1A3956D46DE8}") = "Solution Items", "Solution Items", "{371D84C1-91E8-43B5-936F-6AF711F5CF8F}"
	ProjectSection(SolutionItems) = preProject
		.editorconfig = .editorconfig
	EndProjectSection
EndProject
Global
	GlobalSection(SolutionConfigurationPlatforms) = preSolution
		Debug|Any CPU = Debug|Any CPU
		Release|Any CPU = Release|Any CPU
	EndGlobalSection
	GlobalSection(ProjectConfigurationPlatforms) = postSolution
		{288D7498-79F6-4FC8-9FEB-739237D3CD1D}.Debug|Any CPU.ActiveCfg = Debug|Any CPU
		{288D7498-79F6-4FC8-9FEB-739237D3CD1D}.Debug|Any CPU.Build.0 = Debug|Any CPU
		{288D7498-79F6-4FC8-9FEB-739237D3CD1D}.Release|Any CPU.ActiveCfg = Release|Any CPU
		{288D7498-79F6-4FC8-9FEB-739237D3CD1D}.Release|Any CPU.Build.0 = Release|Any CPU
		{4F7CEEF1-9436-4C4A-803F-2A6EBC52726B}.Debug|Any CPU.ActiveCfg = Debug|Any CPU
		{4F7CEEF1-9436-4C4A-803F-2A6EBC52726B}.Debug|Any CPU.Build.0 = Debug|Any CPU
		{4F7CEEF1-9436-4C4A-803F-2A6EBC52726B}.Release|Any CPU.ActiveCfg = Release|Any CPU
		{4F7CEEF1-9436-4C4A-803F-2A6EBC52726B}.Release|Any CPU.Build.0 = Release|Any CPU
		{8E677D10-546C-40EA-BB8B-BEC8D4F3E8DC}.Debug|Any CPU.ActiveCfg = Debug|Any CPU
		{8E677D10-546C-40EA-BB8B-BEC8D4F3E8DC}.Debug|Any CPU.Build.0 = Debug|Any CPU
		{8E677D10-546C-40EA-BB8B-BEC8D4F3E8DC}.Release|Any CPU.ActiveCfg = Release|Any CPU
		{8E677D10-546C-40EA-BB8B-BEC8D4F3E8DC}.Release|Any CPU.Build.0 = Release|Any CPU
		{62F90AC7-2DFB-4788-8ECF-922923DCE28E}.Debug|Any CPU.ActiveCfg = Debug|Any CPU
		{62F90AC7-2DFB-4788-8ECF-922923DCE28E}.Debug|Any CPU.Build.0 = Debug|Any CPU
		{62F90AC7-2DFB-4788-8ECF-922923DCE28E}.Release|Any CPU.ActiveCfg = Release|Any CPU
		{62F90AC7-2DFB-4788-8ECF-922923DCE28E}.Release|Any CPU.Build.0 = Release|Any CPU
	EndGlobalSection
	GlobalSection(SolutionProperties) = preSolution
		HideSolutionNode = FALSE
	EndGlobalSection
	GlobalSection(NestedProjects) = preSolution
		{288D7498-79F6-4FC8-9FEB-739237D3CD1D} = {6B2AA882-3021-4315-B766-DA32FD604994}
		{4F7CEEF1-9436-4C4A-803F-2A6EBC52726B} = {6B2AA882-3021-4315-B766-DA32FD604994}
		{8E677D10-546C-40EA-BB8B-BEC8D4F3E8DC} = {6B2AA882-3021-4315-B766-DA32FD604994}
		{62F90AC7-2DFB-4788-8ECF-922923DCE28E} = {6B2AA882-3021-4315-B766-DA32FD604994}
	EndGlobalSection
	GlobalSection(ExtensibilityGlobals) = postSolution
		SolutionGuid = {D4D106FE-E1F8-47E6-BCB0-FB62FCA4D7E7}
	EndGlobalSection
EndGlobal
